{
  "version": "2",
  "remote": {
    "https://deno.land/std@0.178.0/_util/asserts.ts": "178dfc49a464aee693a7e285567b3d0b555dc805ff490505a8aae34f9cfb1462",
    "https://deno.land/std@0.178.0/async/deferred.ts": "42790112f36a75a57db4a96d33974a936deb7b04d25c6084a9fa8a49f135def8",
    "https://deno.land/std@0.178.0/bytes/bytes_list.ts": "b4cbdfd2c263a13e8a904b12d082f6177ea97d9297274a4be134e989450dfa6a",
    "https://deno.land/std@0.178.0/bytes/copy.ts": "939d89e302a9761dcf1d9c937c7711174ed74c59eef40a1e4569a05c9de88219",
    "https://deno.land/std@0.178.0/io/buffer.ts": "e2b7564f684dad625cab08f5106f33572d325705d19a36822b3272fbdfb8f726",
    "https://deno.land/std@0.178.0/streams/_common.ts": "f45cba84f0d813de3326466095539602364a9ba521f804cc758f7a475cda692d",
    "https://deno.land/std@0.178.0/streams/buffer.ts": "7e7676c29e0e72f6821c3b5fede2540886a216bb91c849bb5db20bb82a01d8a1",
    "https://deno.land/std@0.178.0/streams/byte_slice_stream.ts": "cf5785b0d9223ebb51fcf6679d881dfaf614c3b288fb4577b511b6f7801a01aa",
    "https://deno.land/std@0.178.0/streams/copy.ts": "de0de21701d8cceba84ca01d9731c77f4b3597bb9de6a1b08f32250353feeae8",
    "https://deno.land/std@0.178.0/streams/delimiter_stream.ts": "de8f822a1c394cdb805a97e364400955cd1757cc282d932b4040a0f78fba3b5f",
    "https://deno.land/std@0.178.0/streams/early_zip_readable_streams.ts": "64828085be5812ec5f4896c10b59f14e5a322b2c0439be9331dde332ae9c91de",
    "https://deno.land/std@0.178.0/streams/iterate_reader.ts": "06491ed8f1bb1c619abbfa04c10b173ff95a93e51fe5037b7c1ad0b5cc01fc7d",
    "https://deno.land/std@0.178.0/streams/limited_bytes_transform_stream.ts": "3bc04143b8b91a923f5ee81a3c618b6606ac7da66ccbcde62a67aaa0375cbc71",
    "https://deno.land/std@0.178.0/streams/limited_transform_stream.ts": "b336f5d649a06e35e2692849e3682a673bb32531738443eb2ce9f57538722f75",
    "https://deno.land/std@0.178.0/streams/merge_readable_streams.ts": "5d6302888f4bb0616dafb5768771be0aec9bedc05fbae6b3d726d05ffbec5b15",
    "https://deno.land/std@0.178.0/streams/mod.ts": "c07ec010e700b9ea887dc36ca08729828bc7912f711e4054e24d33fd46282252",
    "https://deno.land/std@0.178.0/streams/read_all.ts": "bfa220b0e1d06fa4d0cb5178baba8f8b466019a7411511982bfa2320ca292815",
    "https://deno.land/std@0.178.0/streams/readable_stream_from_iterable.ts": "cae337ddafd2abc5e3df699ef2af888ac04091f12732ae658448fba2c7b187e8",
    "https://deno.land/std@0.178.0/streams/readable_stream_from_reader.ts": "9aceaeefa9e04b08f56b2d07272baedc3b6432840b66198d72fa2ada3e6608ea",
    "https://deno.land/std@0.178.0/streams/reader_from_iterable.ts": "05f7759b9336fd4c233d9daadf92aec9a7d2c07a05986da466a935cec2dd79d9",
    "https://deno.land/std@0.178.0/streams/reader_from_stream_reader.ts": "3fda9390ec8520c8a9ea2aba2579208b18880a7663d7a9feec8f193b7af14e41",
    "https://deno.land/std@0.178.0/streams/text_delimiter_stream.ts": "ee216316360366c3744197f5665a066a25e6baa8cfe836fbe9a0033e079e089e",
    "https://deno.land/std@0.178.0/streams/text_line_stream.ts": "a9dd2636c6b90e626e19df26c97034c5f638bdd957cbd5c531d6278fe1d08e90",
    "https://deno.land/std@0.178.0/streams/to_transform_stream.ts": "31c8cce967a2f602be5f164973a5c6cedd4c76e1d2fbc22ae0081b084f73fb0e",
    "https://deno.land/std@0.178.0/streams/writable_stream_from_writer.ts": "0320b759aa343f9f4f58b014fe301d9a7abcbfb8413d260502a885995e6a0776",
    "https://deno.land/std@0.178.0/streams/write_all.ts": "3b2e1ce44913f966348ce353d02fa5369e94115181037cd8b602510853ec3033",
    "https://deno.land/std@0.178.0/streams/writer_from_stream_writer.ts": "31126a6bf2e678c5a718011d4831dbe75dbdbd885965d3dbd5dd105e6f20f976",
    "https://deno.land/std@0.178.0/streams/zip_readable_streams.ts": "9eb82070d83055fe6f077192fb204dc7612695a4b330148e9aa376df1a65e708",
    "https://deno.land/std@0.178.0/types.d.ts": "220ed56662a0bd393ba5d124aa6ae2ad36a00d2fcbc0e8666a65f4606aaa9784",
    "https://raw.githubusercontent.com/ethereum/solc-js/540a9643cd7974e329287ebf8d4c2c70d744c11d/common/types.ts": "8ab10911ffceee409aab33f37237dcb1d3207c8ad310c291e2abcb9c7a5f4d2c"
  }
}
